
Microsoft Visual Studio Solution File, Format Version 12.00
# Visual Studio Version 16
VisualStudioVersion = 16.0.31624.102
MinimumVisualStudioVersion = 10.0.40219.1
Project("{FAE04EC0-301F-11D3-BF4B-00C04F79EFBC}") = "LinkedListImplementation", "LinkedListImplementation.csproj", "{926A9D67-451D-42FA-8EDE-92E5D04F565B}"
EndProject
Global
	GlobalSection(SolutionConfigurationPlatforms) = preSolution
		Debug|Any CPU = Debug|Any CPU
		Release|Any CPU = Release|Any CPU
	EndGlobalSection
	GlobalSection(ProjectConfigurationPlatforms) = postSolution
		{926A9D67-451D-42FA-8EDE-92E5D04F565B}.Debug|Any CPU.ActiveCfg = Debug|Any CPU
		{926A9D67-451D-42FA-8EDE-92E5D04F565B}.Debug|Any CPU.Build.0 = Debug|Any CPU
		{926A9D67-451D-42FA-8EDE-92E5D04F565B}.Release|Any CPU.ActiveCfg = Release|Any CPU
		{926A9D67-451D-42FA-8EDE-92E5D04F565B}.Release|Any CPU.Build.0 = Release|Any CPU
	EndGlobalSection
	GlobalSection(SolutionProperties) = preSolution
		HideSolutionNode = FALSE
	EndGlobalSection
	GlobalSection(ExtensibilityGlobals) = postSolution
		SolutionGuid = {A4E71887-4AA3-469F-B1AE-6637934D61EC}
	EndGlobalSection
EndGlobal
